
Microsoft Visual Studio Solution File, Format Version 12.00
# Visual Studio Version 17
VisualStudioVersion = 17.3.32819.101
MinimumVisualStudioVersion = 10.0.40219.1
Project("{2150E333-8FDC-42A3-9474-1A3956D46DE8}") = "src", "src", "{1DAC86D1-1209-4247-9A95-C2287CE24576}"
EndProject
Project("{2150E333-8FDC-42A3-9474-1A3956D46DE8}") = "Infra", "Infra", "{228582A0-D915-4931-B81A-0B4C25CFA8F9}"
EndProject
Project("{2150E333-8FDC-42A3-9474-1A3956D46DE8}") = "CrossCutting", "CrossCutting", "{EA0A5964-DCCF-4AC5-9170-2595E0CF3C0D}"
EndProject
Project("{2150E333-8FDC-42A3-9474-1A3956D46DE8}") = "Domain", "Domain", "{3276984D-FBCE-4E1C-88A6-CEEF7DC09F01}"
EndProject
Project("{2150E333-8FDC-42A3-9474-1A3956D46DE8}") = "Application", "Application", "{09E03CA4-2508-446B-A451-F8C28CD9021B}"
EndProject
Project("{2150E333-8FDC-42A3-9474-1A3956D46DE8}") = "WebApi", "WebApi", "{3E43B712-4AA7-48B6-8355-7960DD869579}"
EndProject
Project("{9A19103F-16F7-4668-BE54-9A1E7A4F7556}") = "WebApi", "src\WebApi\WebApi\WebApi.csproj", "{98BE52D6-66FC-4E53-8FA9-E53B7CC929EE}"
EndProject
Project("{9A19103F-16F7-4668-BE54-9A1E7A4F7556}") = "Infra", "src\Infra\Infra\Infra.csproj", "{910695D2-9A8A-45E0-908A-14BA9025CAC4}"
EndProject
Project("{9A19103F-16F7-4668-BE54-9A1E7A4F7556}") = "Domain", "src\Domain\Domain\Domain.csproj", "{80DE536D-DDBF-456E-ACE5-936163213433}"
EndProject
Project("{2150E333-8FDC-42A3-9474-1A3956D46DE8}") = "Ioc", "Ioc", "{8DC23F83-97E6-4F62-9DEB-9D5756ABC1E1}"
EndProject
Project("{2150E333-8FDC-42A3-9474-1A3956D46DE8}") = "Utils", "Utils", "{072434B3-294F-47C9-91D8-B91C85CB628D}"
EndProject
Project("{9A19103F-16F7-4668-BE54-9A1E7A4F7556}") = "Ioc", "src\CrossCutting\Ioc\Ioc.csproj", "{4CCE4799-C920-4830-BA5E-6F63D7A4EF9F}"
EndProject
Project("{9A19103F-16F7-4668-BE54-9A1E7A4F7556}") = "Utils", "src\CrossCutting\Utils\Utils.csproj", "{1ADD247D-9A19-4893-AA54-A5DA5664A9CC}"
EndProject
Project("{9A19103F-16F7-4668-BE54-9A1E7A4F7556}") = "Application", "src\Application\Application\Application.csproj", "{5D0CE8B8-5778-4283-ABD7-BE6555C4A636}"
EndProject
Global
	GlobalSection(SolutionConfigurationPlatforms) = preSolution
		Debug|Any CPU = Debug|Any CPU
		Release|Any CPU = Release|Any CPU
	EndGlobalSection
	GlobalSection(ProjectConfigurationPlatforms) = postSolution
		{98BE52D6-66FC-4E53-8FA9-E53B7CC929EE}.Debug|Any CPU.ActiveCfg = Debug|Any CPU
		{98BE52D6-66FC-4E53-8FA9-E53B7CC929EE}.Debug|Any CPU.Build.0 = Debug|Any CPU
		{98BE52D6-66FC-4E53-8FA9-E53B7CC929EE}.Release|Any CPU.ActiveCfg = Release|Any CPU
		{98BE52D6-66FC-4E53-8FA9-E53B7CC929EE}.Release|Any CPU.Build.0 = Release|Any CPU
		{910695D2-9A8A-45E0-908A-14BA9025CAC4}.Debug|Any CPU.ActiveCfg = Debug|Any CPU
		{910695D2-9A8A-45E0-908A-14BA9025CAC4}.Debug|Any CPU.Build.0 = Debug|Any CPU
		{910695D2-9A8A-45E0-908A-14BA9025CAC4}.Release|Any CPU.ActiveCfg = Release|Any CPU
		{910695D2-9A8A-45E0-908A-14BA9025CAC4}.Release|Any CPU.Build.0 = Release|Any CPU
		{80DE536D-DDBF-456E-ACE5-936163213433}.Debug|Any CPU.ActiveCfg = Debug|Any CPU
		{80DE536D-DDBF-456E-ACE5-936163213433}.Debug|Any CPU.Build.0 = Debug|Any CPU
		{80DE536D-DDBF-456E-ACE5-936163213433}.Release|Any CPU.ActiveCfg = Release|Any CPU
		{80DE536D-DDBF-456E-ACE5-936163213433}.Release|Any CPU.Build.0 = Release|Any CPU
		{4CCE4799-C920-4830-BA5E-6F63D7A4EF9F}.Debug|Any CPU.ActiveCfg = Debug|Any CPU
		{4CCE4799-C920-4830-BA5E-6F63D7A4EF9F}.Debug|Any CPU.Build.0 = Debug|Any CPU
		{4CCE4799-C920-4830-BA5E-6F63D7A4EF9F}.Release|Any CPU.ActiveCfg = Release|Any CPU
		{4CCE4799-C920-4830-BA5E-6F63D7A4EF9F}.Release|Any CPU.Build.0 = Release|Any CPU
		{1ADD247D-9A19-4893-AA54-A5DA5664A9CC}.Debug|Any CPU.ActiveCfg = Debug|Any CPU
		{1ADD247D-9A19-4893-AA54-A5DA5664A9CC}.Debug|Any CPU.Build.0 = Debug|Any CPU
		{1ADD247D-9A19-4893-AA54-A5DA5664A9CC}.Release|Any CPU.ActiveCfg = Release|Any CPU
		{1ADD247D-9A19-4893-AA54-A5DA5664A9CC}.Release|Any CPU.Build.0 = Release|Any CPU
		{5D0CE8B8-5778-4283-ABD7-BE6555C4A636}.Debug|Any CPU.ActiveCfg = Debug|Any CPU
		{5D0CE8B8-5778-4283-ABD7-BE6555C4A636}.Debug|Any CPU.Build.0 = Debug|Any CPU
		{5D0CE8B8-5778-4283-ABD7-BE6555C4A636}.Release|Any CPU.ActiveCfg = Release|Any CPU
		{5D0CE8B8-5778-4283-ABD7-BE6555C4A636}.Release|Any CPU.Build.0 = Release|Any CPU
	EndGlobalSection
	GlobalSection(SolutionProperties) = preSolution
		HideSolutionNode = FALSE
	EndGlobalSection
	GlobalSection(NestedProjects) = preSolution
		{228582A0-D915-4931-B81A-0B4C25CFA8F9} = {1DAC86D1-1209-4247-9A95-C2287CE24576}
		{EA0A5964-DCCF-4AC5-9170-2595E0CF3C0D} = {1DAC86D1-1209-4247-9A95-C2287CE24576}
		{3276984D-FBCE-4E1C-88A6-CEEF7DC09F01} = {1DAC86D1-1209-4247-9A95-C2287CE24576}
		{09E03CA4-2508-446B-A451-F8C28CD9021B} = {1DAC86D1-1209-4247-9A95-C2287CE24576}
		{3E43B712-4AA7-48B6-8355-7960DD869579} = {1DAC86D1-1209-4247-9A95-C2287CE24576}
		{98BE52D6-66FC-4E53-8FA9-E53B7CC929EE} = {3E43B712-4AA7-48B6-8355-7960DD869579}
		{910695D2-9A8A-45E0-908A-14BA9025CAC4} = {228582A0-D915-4931-B81A-0B4C25CFA8F9}
		{80DE536D-DDBF-456E-ACE5-936163213433} = {3276984D-FBCE-4E1C-88A6-CEEF7DC09F01}
		{8DC23F83-97E6-4F62-9DEB-9D5756ABC1E1} = {EA0A5964-DCCF-4AC5-9170-2595E0CF3C0D}
		{072434B3-294F-47C9-91D8-B91C85CB628D} = {EA0A5964-DCCF-4AC5-9170-2595E0CF3C0D}
		{4CCE4799-C920-4830-BA5E-6F63D7A4EF9F} = {8DC23F83-97E6-4F62-9DEB-9D5756ABC1E1}
		{1ADD247D-9A19-4893-AA54-A5DA5664A9CC} = {072434B3-294F-47C9-91D8-B91C85CB628D}
		{5D0CE8B8-5778-4283-ABD7-BE6555C4A636} = {09E03CA4-2508-446B-A451-F8C28CD9021B}
	EndGlobalSection
	GlobalSection(ExtensibilityGlobals) = postSolution
		SolutionGuid = {5A1743CC-0CAC-4CFF-8F6E-FE4A0C86E6DD}
	EndGlobalSection
EndGlobal
